
Microsoft Visual Studio Solution File, Format Version 12.00
# Visual Studio Version 16
VisualStudioVersion = 16.0.31729.503
MinimumVisualStudioVersion = 10.0.40219.1
Project("{FAE04EC0-301F-11D3-BF4B-00C04F79EFBC}") = "N_Queen_CLI", "N_Queen_CLI.csproj", "{E71E6514-FC09-441F-8BD7-E30C36ED0A1A}"
EndProject
Global
	GlobalSection(SolutionConfigurationPlatforms) = preSolution
		Debug|Any CPU = Debug|Any CPU
		Release|Any CPU = Release|Any CPU
	EndGlobalSection
	GlobalSection(ProjectConfigurationPlatforms) = postSolution
		{E71E6514-FC09-441F-8BD7-E30C36ED0A1A}.Debug|Any CPU.ActiveCfg = Debug|Any CPU
		{E71E6514-FC09-441F-8BD7-E30C36ED0A1A}.Debug|Any CPU.Build.0 = Debug|Any CPU
		{E71E6514-FC09-441F-8BD7-E30C36ED0A1A}.Release|Any CPU.ActiveCfg = Release|Any CPU
		{E71E6514-FC09-441F-8BD7-E30C36ED0A1A}.Release|Any CPU.Build.0 = Release|Any CPU
	EndGlobalSection
	GlobalSection(SolutionProperties) = preSolution
		HideSolutionNode = FALSE
	EndGlobalSection
	GlobalSection(ExtensibilityGlobals) = postSolution
		SolutionGuid = {471B85C1-DAEA-4D17-8643-E367FDC5840B}
	EndGlobalSection
EndGlobal
